
Microsoft Visual Studio Solution File, Format Version 12.00
# Visual Studio Version 16
VisualStudioVersion = 16.0.30804.86
MinimumVisualStudioVersion = 10.0.40219.1
Project("{9A19103F-16F7-4668-BE54-9A1E7A4F7556}") = "Trex.WebUI", "Trex.WebUI\Trex.WebUI.csproj", "{4D654498-3F70-473C-B0D6-07D274645F5B}"
EndProject
Project("{9A19103F-16F7-4668-BE54-9A1E7A4F7556}") = "Trex.Entity", "Trex.Entity\Trex.Entity.csproj", "{BD4C7B42-CC52-4FA9-A835-AA27C9BFBC4E}"
EndProject
Project("{9A19103F-16F7-4668-BE54-9A1E7A4F7556}") = "Trex.Data", "Trex.Data\Trex.Data.csproj", "{6FBDD7DE-A6BA-4E65-B107-A180DB798F5D}"
EndProject
Project("{9A19103F-16F7-4668-BE54-9A1E7A4F7556}") = "Trex.Service", "Trex.Service\Trex.Service.csproj", "{C32170E2-4EC6-430A-B2BB-8EE21372772A}"
EndProject
Project("{9A19103F-16F7-4668-BE54-9A1E7A4F7556}") = "Trex.Api", "Trex.Api\Trex.Api.csproj", "{B74ED165-9ACE-4647-954A-46FEEEC94BDF}"
EndProject
Project("{9A19103F-16F7-4668-BE54-9A1E7A4F7556}") = "Trex.ViewModel", "Trex.ViewModel\Trex.ViewModel.csproj", "{6B16EFA8-40E9-4B1A-9743-273A74F42F2B}"
EndProject
Project("{2150E333-8FDC-42A3-9474-1A3956D46DE8}") = "Docs", "Docs", "{BD3867EA-57F7-4B1D-A29C-04ACDED05767}"
EndProject
Project("{2150E333-8FDC-42A3-9474-1A3956D46DE8}") = "Src", "Src", "{C0FAE880-57B6-484A-AD66-0DAB6E749BDE}"
EndProject
Project("{2150E333-8FDC-42A3-9474-1A3956D46DE8}") = "Presentation", "Presentation", "{859B3335-27F3-46B7-8252-A93AAB60CD28}"
EndProject
Project("{2150E333-8FDC-42A3-9474-1A3956D46DE8}") = "Bussiness", "Bussiness", "{0CAFE56E-3DBB-4D5E-8F5C-706DCEDF1AB3}"
EndProject
Project("{2150E333-8FDC-42A3-9474-1A3956D46DE8}") = "Data", "Data", "{33CD4FEB-29F1-4ABB-9F6E-2A1D0869B149}"
EndProject
Project("{2150E333-8FDC-42A3-9474-1A3956D46DE8}") = "Sql", "Sql", "{7DF43EEE-AF1A-4435-AE73-1959D376FA5B}"
	ProjectSection(SolutionItems) = preProject
		Docs\Sql\CreateLogTable.sql = Docs\Sql\CreateLogTable.sql
	EndProjectSection
EndProject
Global
	GlobalSection(SolutionConfigurationPlatforms) = preSolution
		Debug|Any CPU = Debug|Any CPU
		Release|Any CPU = Release|Any CPU
	EndGlobalSection
	GlobalSection(ProjectConfigurationPlatforms) = postSolution
		{4D654498-3F70-473C-B0D6-07D274645F5B}.Debug|Any CPU.ActiveCfg = Debug|Any CPU
		{4D654498-3F70-473C-B0D6-07D274645F5B}.Debug|Any CPU.Build.0 = Debug|Any CPU
		{4D654498-3F70-473C-B0D6-07D274645F5B}.Release|Any CPU.ActiveCfg = Release|Any CPU
		{4D654498-3F70-473C-B0D6-07D274645F5B}.Release|Any CPU.Build.0 = Release|Any CPU
		{BD4C7B42-CC52-4FA9-A835-AA27C9BFBC4E}.Debug|Any CPU.ActiveCfg = Debug|Any CPU
		{BD4C7B42-CC52-4FA9-A835-AA27C9BFBC4E}.Debug|Any CPU.Build.0 = Debug|Any CPU
		{BD4C7B42-CC52-4FA9-A835-AA27C9BFBC4E}.Release|Any CPU.ActiveCfg = Release|Any CPU
		{BD4C7B42-CC52-4FA9-A835-AA27C9BFBC4E}.Release|Any CPU.Build.0 = Release|Any CPU
		{6FBDD7DE-A6BA-4E65-B107-A180DB798F5D}.Debug|Any CPU.ActiveCfg = Debug|Any CPU
		{6FBDD7DE-A6BA-4E65-B107-A180DB798F5D}.Debug|Any CPU.Build.0 = Debug|Any CPU
		{6FBDD7DE-A6BA-4E65-B107-A180DB798F5D}.Release|Any CPU.ActiveCfg = Release|Any CPU
		{6FBDD7DE-A6BA-4E65-B107-A180DB798F5D}.Release|Any CPU.Build.0 = Release|Any CPU
		{C32170E2-4EC6-430A-B2BB-8EE21372772A}.Debug|Any CPU.ActiveCfg = Debug|Any CPU
		{C32170E2-4EC6-430A-B2BB-8EE21372772A}.Debug|Any CPU.Build.0 = Debug|Any CPU
		{C32170E2-4EC6-430A-B2BB-8EE21372772A}.Release|Any CPU.ActiveCfg = Release|Any CPU
		{C32170E2-4EC6-430A-B2BB-8EE21372772A}.Release|Any CPU.Build.0 = Release|Any CPU
		{B74ED165-9ACE-4647-954A-46FEEEC94BDF}.Debug|Any CPU.ActiveCfg = Debug|Any CPU
		{B74ED165-9ACE-4647-954A-46FEEEC94BDF}.Debug|Any CPU.Build.0 = Debug|Any CPU
		{B74ED165-9ACE-4647-954A-46FEEEC94BDF}.Release|Any CPU.ActiveCfg = Release|Any CPU
		{B74ED165-9ACE-4647-954A-46FEEEC94BDF}.Release|Any CPU.Build.0 = Release|Any CPU
		{6B16EFA8-40E9-4B1A-9743-273A74F42F2B}.Debug|Any CPU.ActiveCfg = Debug|Any CPU
		{6B16EFA8-40E9-4B1A-9743-273A74F42F2B}.Debug|Any CPU.Build.0 = Debug|Any CPU
		{6B16EFA8-40E9-4B1A-9743-273A74F42F2B}.Release|Any CPU.ActiveCfg = Release|Any CPU
		{6B16EFA8-40E9-4B1A-9743-273A74F42F2B}.Release|Any CPU.Build.0 = Release|Any CPU
	EndGlobalSection
	GlobalSection(SolutionProperties) = preSolution
		HideSolutionNode = FALSE
	EndGlobalSection
	GlobalSection(NestedProjects) = preSolution
		{4D654498-3F70-473C-B0D6-07D274645F5B} = {859B3335-27F3-46B7-8252-A93AAB60CD28}
		{BD4C7B42-CC52-4FA9-A835-AA27C9BFBC4E} = {33CD4FEB-29F1-4ABB-9F6E-2A1D0869B149}
		{6FBDD7DE-A6BA-4E65-B107-A180DB798F5D} = {33CD4FEB-29F1-4ABB-9F6E-2A1D0869B149}
		{C32170E2-4EC6-430A-B2BB-8EE21372772A} = {0CAFE56E-3DBB-4D5E-8F5C-706DCEDF1AB3}
		{B74ED165-9ACE-4647-954A-46FEEEC94BDF} = {859B3335-27F3-46B7-8252-A93AAB60CD28}
		{6B16EFA8-40E9-4B1A-9743-273A74F42F2B} = {0CAFE56E-3DBB-4D5E-8F5C-706DCEDF1AB3}
		{859B3335-27F3-46B7-8252-A93AAB60CD28} = {C0FAE880-57B6-484A-AD66-0DAB6E749BDE}
		{0CAFE56E-3DBB-4D5E-8F5C-706DCEDF1AB3} = {C0FAE880-57B6-484A-AD66-0DAB6E749BDE}
		{33CD4FEB-29F1-4ABB-9F6E-2A1D0869B149} = {C0FAE880-57B6-484A-AD66-0DAB6E749BDE}
		{7DF43EEE-AF1A-4435-AE73-1959D376FA5B} = {BD3867EA-57F7-4B1D-A29C-04ACDED05767}
	EndGlobalSection
	GlobalSection(ExtensibilityGlobals) = postSolution
		SolutionGuid = {859F79F5-1F2B-4864-B76B-CE18F959B76C}
	EndGlobalSection
EndGlobal
